
Microsoft Visual Studio Solution File, Format Version 12.00
# Visual Studio Version 16
VisualStudioVersion = 16.0.29806.167
MinimumVisualStudioVersion = 10.0.40219.1
Project("{FAE04EC0-301F-11D3-BF4B-00C04F79EFBC}") = "Exec01", "Exec01.csproj", "{C5C8724F-B4B4-4F95-87DF-E42597EEB7E3}"
EndProject
Global
	GlobalSection(SolutionConfigurationPlatforms) = preSolution
		Debug|Any CPU = Debug|Any CPU
		Release|Any CPU = Release|Any CPU
	EndGlobalSection
	GlobalSection(ProjectConfigurationPlatforms) = postSolution
		{C5C8724F-B4B4-4F95-87DF-E42597EEB7E3}.Debug|Any CPU.ActiveCfg = Debug|Any CPU
		{C5C8724F-B4B4-4F95-87DF-E42597EEB7E3}.Debug|Any CPU.Build.0 = Debug|Any CPU
		{C5C8724F-B4B4-4F95-87DF-E42597EEB7E3}.Release|Any CPU.ActiveCfg = Release|Any CPU
		{C5C8724F-B4B4-4F95-87DF-E42597EEB7E3}.Release|Any CPU.Build.0 = Release|Any CPU
	EndGlobalSection
	GlobalSection(SolutionProperties) = preSolution
		HideSolutionNode = FALSE
	EndGlobalSection
	GlobalSection(ExtensibilityGlobals) = postSolution
		SolutionGuid = {D5583D07-FEA9-4E27-A66D-3B8017E07F41}
	EndGlobalSection
EndGlobal
