
Microsoft Visual Studio Solution File, Format Version 12.00
# Visual Studio Version 16
VisualStudioVersion = 16.0.29806.167
MinimumVisualStudioVersion = 10.0.40219.1
Project("{FAE04EC0-301F-11D3-BF4B-00C04F79EFBC}") = "URI_1003", "URI_1003.csproj", "{D6D42E35-7309-453A-A6D0-B7A7A8FDB790}"
EndProject
Global
	GlobalSection(SolutionConfigurationPlatforms) = preSolution
		Debug|Any CPU = Debug|Any CPU
		Release|Any CPU = Release|Any CPU
	EndGlobalSection
	GlobalSection(ProjectConfigurationPlatforms) = postSolution
		{D6D42E35-7309-453A-A6D0-B7A7A8FDB790}.Debug|Any CPU.ActiveCfg = Debug|Any CPU
		{D6D42E35-7309-453A-A6D0-B7A7A8FDB790}.Debug|Any CPU.Build.0 = Debug|Any CPU
		{D6D42E35-7309-453A-A6D0-B7A7A8FDB790}.Release|Any CPU.ActiveCfg = Release|Any CPU
		{D6D42E35-7309-453A-A6D0-B7A7A8FDB790}.Release|Any CPU.Build.0 = Release|Any CPU
	EndGlobalSection
	GlobalSection(SolutionProperties) = preSolution
		HideSolutionNode = FALSE
	EndGlobalSection
	GlobalSection(ExtensibilityGlobals) = postSolution
		SolutionGuid = {51C68185-949F-4159-B8B0-429C1E16F13F}
	EndGlobalSection
EndGlobal
